{
  "nodes": {
    "customPonysay": {
      "flake": false,
      "locked": {
        "lastModified": 1723670749,
        "narHash": "sha256-X42VE/VQQEjOGIwxZGBQjivl6Kn2JTM3tUreb6gES6k=",
        "owner": "Tonyl314",
        "repo": "ponysay",
        "rev": "572c50f20e2b281ff1af479de4f850ffe8ef72a7",
        "type": "github"
      },
      "original": {
        "owner": "Tonyl314",
        "repo": "ponysay",
        "type": "github"
      }
    },
    "nixpkgs": {
      "locked": {
        "lastModified": 1729954658,
        "narHash": "sha256-IPRQRz7SXgHU2Crt2xIWWfU4J/Jm8NKORlTynkTHJ5w=",
        "owner": "nixos",
        "repo": "nixpkgs",
        "rev": "459f7d4d79a9a697df8b6bbbefbbed304e777d54",
        "type": "github"
      },
      "original": {
        "owner": "nixos",
        "repo": "nixpkgs",
        "type": "github"
      }
    },
    "root": {
      "inputs": {
        "customPonysay": "customPonysay",
        "nixpkgs": "nixpkgs"
      }
    }
  },
  "root": "root",
  "version": 7
}
